
Microsoft Visual Studio Solution File, Format Version 12.00
# Visual Studio Version 16
VisualStudioVersion = 16.0.31205.134
MinimumVisualStudioVersion = 10.0.40219.1
Project("{2150E333-8FDC-42A3-9474-1A3956D46DE8}") = "Infrastructure", "Infrastructure", "{BD7CAED2-B12E-4FC8-8974-964CC5B83E0A}"
EndProject
Project("{2150E333-8FDC-42A3-9474-1A3956D46DE8}") = "Framework", "Framework", "{ECC44B91-8B5E-496C-A702-158C5CEB052A}"
EndProject
Project("{9A19103F-16F7-4668-BE54-9A1E7A4F7556}") = "PlaneSpotters.DataAccess", "PlaneSpotters.DataAccess\PlaneSpotters.DataAccess.csproj", "{416E7B32-196A-4F06-B273-96AF6277C766}"
EndProject
Project("{2150E333-8FDC-42A3-9474-1A3956D46DE8}") = "ApplicationCore", "ApplicationCore", "{EA4A9234-E307-41DE-B1D7-AD013840A131}"
EndProject
Project("{9A19103F-16F7-4668-BE54-9A1E7A4F7556}") = "PlaneSpotters.Core", "PlaneSpotters.Core\PlaneSpotters.Core.csproj", "{3FDA4C85-2E44-439A-B504-7CDE071BC76F}"
EndProject
Project("{2150E333-8FDC-42A3-9474-1A3956D46DE8}") = "Distributed Services", "Distributed Services", "{B81EC6F0-4964-4C9E-9736-CED6A299EF9D}"
EndProject
Project("{9A19103F-16F7-4668-BE54-9A1E7A4F7556}") = "PlaneSpotter.WebApp.API", "PlaneSpotter.WebApp.API\PlaneSpotter.WebApp.API.csproj", "{6B08D4A9-68FB-47E0-82FC-275420CD38D3}"
EndProject
Project("{FAE04EC0-301F-11D3-BF4B-00C04F79EFBC}") = "PlaneSpotters.Services", "PlaneSpotters.Services\PlaneSpotters.Services.csproj", "{875322F7-7C8E-4757-9DDB-01BBF2BFB752}"
EndProject
Global
	GlobalSection(SolutionConfigurationPlatforms) = preSolution
		Debug|Any CPU = Debug|Any CPU
		Release|Any CPU = Release|Any CPU
	EndGlobalSection
	GlobalSection(ProjectConfigurationPlatforms) = postSolution
		{416E7B32-196A-4F06-B273-96AF6277C766}.Debug|Any CPU.ActiveCfg = Debug|Any CPU
		{416E7B32-196A-4F06-B273-96AF6277C766}.Debug|Any CPU.Build.0 = Debug|Any CPU
		{416E7B32-196A-4F06-B273-96AF6277C766}.Release|Any CPU.ActiveCfg = Release|Any CPU
		{416E7B32-196A-4F06-B273-96AF6277C766}.Release|Any CPU.Build.0 = Release|Any CPU
		{3FDA4C85-2E44-439A-B504-7CDE071BC76F}.Debug|Any CPU.ActiveCfg = Debug|Any CPU
		{3FDA4C85-2E44-439A-B504-7CDE071BC76F}.Debug|Any CPU.Build.0 = Debug|Any CPU
		{3FDA4C85-2E44-439A-B504-7CDE071BC76F}.Release|Any CPU.ActiveCfg = Release|Any CPU
		{3FDA4C85-2E44-439A-B504-7CDE071BC76F}.Release|Any CPU.Build.0 = Release|Any CPU
		{6B08D4A9-68FB-47E0-82FC-275420CD38D3}.Debug|Any CPU.ActiveCfg = Debug|Any CPU
		{6B08D4A9-68FB-47E0-82FC-275420CD38D3}.Debug|Any CPU.Build.0 = Debug|Any CPU
		{6B08D4A9-68FB-47E0-82FC-275420CD38D3}.Release|Any CPU.ActiveCfg = Release|Any CPU
		{6B08D4A9-68FB-47E0-82FC-275420CD38D3}.Release|Any CPU.Build.0 = Release|Any CPU
		{875322F7-7C8E-4757-9DDB-01BBF2BFB752}.Debug|Any CPU.ActiveCfg = Debug|Any CPU
		{875322F7-7C8E-4757-9DDB-01BBF2BFB752}.Debug|Any CPU.Build.0 = Debug|Any CPU
		{875322F7-7C8E-4757-9DDB-01BBF2BFB752}.Release|Any CPU.ActiveCfg = Release|Any CPU
		{875322F7-7C8E-4757-9DDB-01BBF2BFB752}.Release|Any CPU.Build.0 = Release|Any CPU
	EndGlobalSection
	GlobalSection(SolutionProperties) = preSolution
		HideSolutionNode = FALSE
	EndGlobalSection
	GlobalSection(NestedProjects) = preSolution
		{ECC44B91-8B5E-496C-A702-158C5CEB052A} = {BD7CAED2-B12E-4FC8-8974-964CC5B83E0A}
		{416E7B32-196A-4F06-B273-96AF6277C766} = {ECC44B91-8B5E-496C-A702-158C5CEB052A}
		{3FDA4C85-2E44-439A-B504-7CDE071BC76F} = {EA4A9234-E307-41DE-B1D7-AD013840A131}
		{6B08D4A9-68FB-47E0-82FC-275420CD38D3} = {B81EC6F0-4964-4C9E-9736-CED6A299EF9D}
		{875322F7-7C8E-4757-9DDB-01BBF2BFB752} = {BD7CAED2-B12E-4FC8-8974-964CC5B83E0A}
	EndGlobalSection
	GlobalSection(ExtensibilityGlobals) = postSolution
		SolutionGuid = {00116058-920E-44EE-9135-39FF5AB30B0E}
	EndGlobalSection
EndGlobal
